// !$*UTF8*$!
{
	archiveVersion = 1;
	classes = {
	};
	objectVersion = 48;
	objects = {

/* Begin PBXBuildFile section */
		9CC7169B20707D05009925CB /* AppDelegate.swift in Sources */ = {isa = PBXBuildFile; fileRef = 9CC7169A20707D05009925CB /* AppDelegate.swift */; };
		9CC7169D20707D05009925CB /* ViewController.swift in Sources */ = {isa = PBXBuildFile; fileRef = 9CC7169C20707D05009925CB /* ViewController.swift */; };
		9CC716A020707D05009925CB /* Main.storyboard in Resources */ = {isa = PBXBuildFile; fileRef = 9CC7169E20707D05009925CB /* Main.storyboard */; };
		9CC716A220707D05009925CB /* Assets.xcassets in Resources */ = {isa = PBXBuildFile; fileRef = 9CC716A120707D05009925CB /* Assets.xcassets */; };
		9CC716A520707D05009925CB /* LaunchScreen.storyboard in Resources */ = {isa = PBXBuildFile; fileRef = 9CC716A320707D05009925CB /* LaunchScreen.storyboard */; };
		9CC716B020707D05009925CB /* API_SampleTests.swift in Sources */ = {isa = PBXBuildFile; fileRef = 9CC716AF20707D05009925CB /* API_SampleTests.swift */; };
		9CC716BB20707D05009925CB /* API_SampleUITests.swift in Sources */ = {isa = PBXBuildFile; fileRef = 9CC716BA20707D05009925CB /* API_SampleUITests.swift */; };
		BCEA3E927233A19A65A61843 /* Pods_API_Sample.framework in Frameworks */ = {isa = PBXBuildFile; fileRef = E3954C447F480BB0376A6400 /* Pods_API_Sample.framework */; };
/* End PBXBuildFile section */

/* Begin PBXContainerItemProxy section */
		9CC716AC20707D05009925CB /* PBXContainerItemProxy */ = {
			isa = PBXContainerItemProxy;
			containerPortal = 9CC7168F20707D05009925CB /* Project object */;
			proxyType = 1;
			remoteGlobalIDString = 9CC7169620707D05009925CB;
			remoteInfo = "API Sample";
		};
		9CC716B720707D05009925CB /* PBXContainerItemProxy */ = {
			isa = PBXContainerItemProxy;
			containerPortal = 9CC7168F20707D05009925CB /* Project object */;
			proxyType = 1;
			remoteGlobalIDString = 9CC7169620707D05009925CB;
			remoteInfo = "API Sample";
		};
/* End PBXContainerItemProxy section */

/* Begin PBXFileReference section */
		5A15057CB8A71579ACD6DFA4 /* Pods-API Sample.debug.xcconfig */ = {isa = PBXFileReference; includeInIndex = 1; lastKnownFileType = text.xcconfig; name = "Pods-API Sample.debug.xcconfig"; path = "Pods/Target Support Files/Pods-API Sample/Pods-API Sample.debug.xcconfig"; sourceTree = "<group>"; };
		9CC7169720707D05009925CB /* API Sample.app */ = {isa = PBXFileReference; explicitFileType = wrapper.application; includeInIndex = 0; path = "API Sample.app"; sourceTree = BUILT_PRODUCTS_DIR; };
		9CC7169A20707D05009925CB /* AppDelegate.swift */ = {isa = PBXFileReference; lastKnownFileType = sourcecode.swift; path = AppDelegate.swift; sourceTree = "<group>"; };
		9CC7169C20707D05009925CB /* ViewController.swift */ = {isa = PBXFileReference; lastKnownFileType = sourcecode.swift; path = ViewController.swift; sourceTree = "<group>"; };
		9CC7169F20707D05009925CB /* Base */ = {isa = PBXFileReference; lastKnownFileType = file.storyboard; name = Base; path = Base.lproj/Main.storyboard; sourceTree = "<group>"; };
		9CC716A120707D05009925CB /* Assets.xcassets */ = {isa = PBXFileReference; lastKnownFileType = folder.assetcatalog; path = Assets.xcassets; sourceTree = "<group>"; };
		9CC716A420707D05009925CB /* Base */ = {isa = PBXFileReference; lastKnownFileType = file.storyboard; name = Base; path = Base.lproj/LaunchScreen.storyboard; sourceTree = "<group>"; };
		9CC716A620707D05009925CB /* Info.plist */ = {isa = PBXFileReference; lastKnownFileType = text.plist.xml; path = Info.plist; sourceTree = "<group>"; };
		9CC716AB20707D05009925CB /* API SampleTests.xctest */ = {isa = PBXFileReference; explicitFileType = wrapper.cfbundle; includeInIndex = 0; path = "API SampleTests.xctest"; sourceTree = BUILT_PRODUCTS_DIR; };
		9CC716AF20707D05009925CB /* API_SampleTests.swift */ = {isa = PBXFileReference; lastKnownFileType = sourcecode.swift; path = API_SampleTests.swift; sourceTree = "<group>"; };
		9CC716B120707D05009925CB /* Info.plist */ = {isa = PBXFileReference; lastKnownFileType = text.plist.xml; path = Info.plist; sourceTree = "<group>"; };
		9CC716B620707D05009925CB /* API SampleUITests.xctest */ = {isa = PBXFileReference; explicitFileType = wrapper.cfbundle; includeInIndex = 0; path = "API SampleUITests.xctest"; sourceTree = BUILT_PRODUCTS_DIR; };
		9CC716BA20707D05009925CB /* API_SampleUITests.swift */ = {isa = PBXFileReference; lastKnownFileType = sourcecode.swift; path = API_SampleUITests.swift; sourceTree = "<group>"; };
		9CC716BC20707D05009925CB /* Info.plist */ = {isa = PBXFileReference; lastKnownFileType = text.plist.xml; path = Info.plist; sourceTree = "<group>"; };
		9DA515E9D748B225E767F50F /* Pods-API Sample.release.xcconfig */ = {isa = PBXFileReference; includeInIndex = 1; lastKnownFileType = text.xcconfig; name = "Pods-API Sample.release.xcconfig"; path = "Pods/Target Support Files/Pods-API Sample/Pods-API Sample.release.xcconfig"; sourceTree = "<group>"; };
		E3954C447F480BB0376A6400 /* Pods_API_Sample.framework */ = {isa = PBXFileReference; explicitFileType = wrapper.framework; includeInIndex = 0; path = Pods_API_Sample.framework; sourceTree = BUILT_PRODUCTS_DIR; };
/* End PBXFileReference section */

/* Begin PBXFrameworksBuildPhase section */
		9CC7169420707D05009925CB /* Frameworks */ = {
			isa = PBXFrameworksBuildPhase;
			buildActionMask = 2147483647;
			files = (
				BCEA3E927233A19A65A61843 /* Pods_API_Sample.framework in Frameworks */,
			);
			runOnlyForDeploymentPostprocessing = 0;
		};
		9CC716A820707D05009925CB /* Frameworks */ = {
			isa = PBXFrameworksBuildPhase;
			buildActionMask = 2147483647;
			files = (
			);
			runOnlyForDeploymentPostprocessing = 0;
		};
		9CC716B320707D05009925CB /* Frameworks */ = {
			isa = PBXFrameworksBuildPhase;
			buildActionMask = 2147483647;
			files = (
			);
			runOnlyForDeploymentPostprocessing = 0;
		};
/* End PBXFrameworksBuildPhase section */

/* Begin PBXGroup section */
		0C221A1A365991940A35ED74 /* Frameworks */ = {
			isa = PBXGroup;
			children = (
				E3954C447F480BB0376A6400 /* Pods_API_Sample.framework */,
			);
			name = Frameworks;
			sourceTree = "<group>";
		};
		87D9612A89D51A66C66F82AF /* Pods */ = {
			isa = PBXGroup;
			children = (
				5A15057CB8A71579ACD6DFA4 /* Pods-API Sample.debug.xcconfig */,
				9DA515E9D748B225E767F50F /* Pods-API Sample.release.xcconfig */,
			);
			name = Pods;
			sourceTree = "<group>";
		};
		9CC7168E20707D05009925CB = {
			isa = PBXGroup;
			children = (
				9CC7169920707D05009925CB /* API Sample */,
				9CC716AE20707D05009925CB /* API SampleTests */,
				9CC716B920707D05009925CB /* API SampleUITests */,
				9CC7169820707D05009925CB /* Products */,
				87D9612A89D51A66C66F82AF /* Pods */,
				0C221A1A365991940A35ED74 /* Frameworks */,
			);
			sourceTree = "<group>";
		};
		9CC7169820707D05009925CB /* Products */ = {
			isa = PBXGroup;
			children = (
				9CC7169720707D05009925CB /* API Sample.app */,
				9CC716AB20707D05009925CB /* API SampleTests.xctest */,
				9CC716B620707D05009925CB /* API SampleUITests.xctest */,
			);
			name = Products;
			sourceTree = "<group>";
		};
		9CC7169920707D05009925CB /* API Sample */ = {
			isa = PBXGroup;
			children = (
				9CC7169A20707D05009925CB /* AppDelegate.swift */,
				9CC7169C20707D05009925CB /* ViewController.swift */,
				9CC7169E20707D05009925CB /* Main.storyboard */,
				9CC716A120707D05009925CB /* Assets.xcassets */,
				9CC716A320707D05009925CB /* LaunchScreen.storyboard */,
				9CC716A620707D05009925CB /* Info.plist */,
			);
			path = "API Sample";
			sourceTree = "<group>";
		};
		9CC716AE20707D05009925CB /* API SampleTests */ = {
			isa = PBXGroup;
			children = (
				9CC716AF20707D05009925CB /* API_SampleTests.swift */,
				9CC716B120707D05009925CB /* Info.plist */,
			);
			path = "API SampleTests";
			sourceTree = "<group>";
		};
		9CC716B920707D05009925CB /* API SampleUITests */ = {
			isa = PBXGroup;
			children = (
				9CC716BA20707D05009925CB /* API_SampleUITests.swift */,
				9CC716BC20707D05009925CB /* Info.plist */,
			);
			path = "API SampleUITests";
			sourceTree = "<group>";
		};
/* End PBXGroup section */

/* Begin PBXNativeTarget section */
		9CC7169620707D05009925CB /* API Sample */ = {
			isa = PBXNativeTarget;
			buildConfigurationList = 9CC716BF20707D05009925CB /* Build configuration list for PBXNativeTarget "API Sample" */;
			buildPhases = (
				AB44F8E7BD049BD3CC166818 /* [CP] Check Pods Manifest.lock */,
				9CC7169320707D05009925CB /* Sources */,
				9CC7169420707D05009925CB /* Frameworks */,
				9CC7169520707D05009925CB /* Resources */,
				A8FC3AF07A929332F208E652 /* [CP] Embed Pods Frameworks */,
				1B5D8FA60C5072B3C19066D4 /* [CP] Copy Pods Resources */,
			);
			buildRules = (
			);
			dependencies = (
			);
			name = "API Sample";
			productName = "API Sample";
			productReference = 9CC7169720707D05009925CB /* API Sample.app */;
			productType = "com.apple.product-type.application";
		};
		9CC716AA20707D05009925CB /* API SampleTests */ = {
			isa = PBXNativeTarget;
			buildConfigurationList = 9CC716C220707D05009925CB /* Build configuration list for PBXNativeTarget "API SampleTests" */;
			buildPhases = (
				9CC716A720707D05009925CB /* Sources */,
				9CC716A820707D05009925CB /* Frameworks */,
				9CC716A920707D05009925CB /* Resources */,
			);
			buildRules = (
			);
			dependencies = (
				9CC716AD20707D05009925CB /* PBXTargetDependency */,
			);
			name = "API SampleTests";
			productName = "API SampleTests";
			productReference = 9CC716AB20707D05009925CB /* API SampleTests.xctest */;
			productType = "com.apple.product-type.bundle.unit-test";
		};
		9CC716B520707D05009925CB /* API SampleUITests */ = {
			isa = PBXNativeTarget;
			buildConfigurationList = 9CC716C520707D05009925CB /* Build configuration list for PBXNativeTarget "API SampleUITests" */;
			buildPhases = (
				9CC716B220707D05009925CB /* Sources */,
				9CC716B320707D05009925CB /* Frameworks */,
				9CC716B420707D05009925CB /* Resources */,
			);
			buildRules = (
			);
			dependencies = (
				9CC716B820707D05009925CB /* PBXTargetDependency */,
			);
			name = "API SampleUITests";
			productName = "API SampleUITests";
			productReference = 9CC716B620707D05009925CB /* API SampleUITests.xctest */;
			productType = "com.apple.product-type.bundle.ui-testing";
		};
/* End PBXNativeTarget section */

/* Begin PBXProject section */
		9CC7168F20707D05009925CB /* Project object */ = {
			isa = PBXProject;
			attributes = {
				LastSwiftUpdateCheck = 0920;
				LastUpgradeCheck = 0920;
				ORGANIZATIONNAME = "Karen Kong";
				TargetAttributes = {
					9CC7169620707D05009925CB = {
						CreatedOnToolsVersion = 9.2;
						ProvisioningStyle = Automatic;
					};
					9CC716AA20707D05009925CB = {
						CreatedOnToolsVersion = 9.2;
						ProvisioningStyle = Automatic;
						TestTargetID = 9CC7169620707D05009925CB;
					};
					9CC716B520707D05009925CB = {
						CreatedOnToolsVersion = 9.2;
						ProvisioningStyle = Automatic;
						TestTargetID = 9CC7169620707D05009925CB;
					};
				};
			};
			buildConfigurationList = 9CC7169220707D05009925CB /* Build configuration list for PBXProject "API Sample" */;
			compatibilityVersion = "Xcode 8.0";
			developmentRegion = en;
			hasScannedForEncodings = 0;
			knownRegions = (
				en,
				Base,
			);
			mainGroup = 9CC7168E20707D05009925CB;
			productRefGroup = 9CC7169820707D05009925CB /* Products */;
			projectDirPath = "";
			projectRoot = "";
			targets = (
				9CC7169620707D05009925CB /* API Sample */,
				9CC716AA20707D05009925CB /* API SampleTests */,
				9CC716B520707D05009925CB /* API SampleUITests */,
			);
		};
/* End PBXProject section */

/* Begin PBXResourcesBuildPhase section */
		9CC7169520707D05009925CB /* Resources */ = {
			isa = PBXResourcesBuildPhase;
			buildActionMask = 2147483647;
			files = (
				9CC716A520707D05009925CB /* LaunchScreen.storyboard in Resources */,
				9CC716A220707D05009925CB /* Assets.xcassets in Resources */,
				9CC716A020707D05009925CB /* Main.storyboard in Resources */,
			);
			runOnlyForDeploymentPostprocessing = 0;
		};
		9CC716A920707D05009925CB /* Resources */ = {
			isa = PBXResourcesBuildPhase;
			buildActionMask = 2147483647;
			files = (
			);
			runOnlyForDeploymentPostprocessing = 0;
		};
		9CC716B420707D05009925CB /* Resources */ = {
			isa = PBXResourcesBuildPhase;
			buildActionMask = 2147483647;
			files = (
			);
			runOnlyForDeploymentPostprocessing = 0;
		};
/* End PBXResourcesBuildPhase section */

/* Begin PBXShellScriptBuildPhase section */
		1B5D8FA60C5072B3C19066D4 /* [CP] Copy Pods Resources */ = {
			isa = PBXShellScriptBuildPhase;
			buildActionMask = 2147483647;
			files = (
			);
			inputPaths = (
			);
			name = "[CP] Copy Pods Resources";
			outputPaths = (
			);
			runOnlyForDeploymentPostprocessing = 0;
			shellPath = /bin/sh;
			shellScript = "\"${SRCROOT}/Pods/Target Support Files/Pods-API Sample/Pods-API Sample-resources.sh\"\n";
			showEnvVarsInLog = 0;
		};
		A8FC3AF07A929332F208E652 /* [CP] Embed Pods Frameworks */ = {
			isa = PBXShellScriptBuildPhase;
			buildActionMask = 2147483647;
			files = (
			);
			inputPaths = (
				"${SRCROOT}/Pods/Target Support Files/Pods-API Sample/Pods-API Sample-frameworks.sh",
				"${BUILT_PRODUCTS_DIR}/Alamofire/Alamofire.framework",
			);
			name = "[CP] Embed Pods Frameworks";
			outputPaths = (
				"${TARGET_BUILD_DIR}/${FRAMEWORKS_FOLDER_PATH}/Alamofire.framework",
			);
			runOnlyForDeploymentPostprocessing = 0;
			shellPath = /bin/sh;
			shellScript = "\"${SRCROOT}/Pods/Target Support Files/Pods-API Sample/Pods-API Sample-frameworks.sh\"\n";
			showEnvVarsInLog = 0;
		};
		AB44F8E7BD049BD3CC166818 /* [CP] Check Pods Manifest.lock */ = {
			isa = PBXShellScriptBuildPhase;
			buildActionMask = 2147483647;
			files = (
			);
			inputPaths = (
				"${PODS_PODFILE_DIR_PATH}/Podfile.lock",
				"${PODS_ROOT}/Manifest.lock",
			);
			name = "[CP] Check Pods Manifest.lock";
			outputPaths = (
				"$(DERIVED_FILE_DIR)/Pods-API Sample-checkManifestLockResult.txt",
			);
			runOnlyForDeploymentPostprocessing = 0;
			shellPath = /bin/sh;
			shellScript = "diff \"${PODS_PODFILE_DIR_PATH}/Podfile.lock\" \"${PODS_ROOT}/Manifest.lock\" > /dev/null\nif [ $? != 0 ] ; then\n    # print error to STDERR\n    echo \"error: The sandbox is not in sync with the Podfile.lock. Run 'pod install' or update your CocoaPods installation.\" >&2\n    exit 1\nfi\n# This output is used by Xcode 'outputs' to avoid re-running this script phase.\necho \"SUCCESS\" > \"${SCRIPT_OUTPUT_FILE_0}\"\n";
			showEnvVarsInLog = 0;
		};
/* End PBXShellScriptBuildPhase section */

/* Begin PBXSourcesBuildPhase section */
		9CC7169320707D05009925CB /* Sources */ = {
			isa = PBXSourcesBuildPhase;
			buildActionMask = 2147483647;
			files = (
				9CC7169D20707D05009925CB /* ViewController.swift in Sources */,
				9CC7169B20707D05009925CB /* AppDelegate.swift in Sources */,
			);
			runOnlyForDeploymentPostprocessing = 0;
		};
		9CC716A720707D05009925CB /* Sources */ = {
			isa = PBXSourcesBuildPhase;
			buildActionMask = 2147483647;
			files = (
				9CC716B020707D05009925CB /* API_SampleTests.swift in Sources */,
			);
			runOnlyForDeploymentPostprocessing = 0;
		};
		9CC716B220707D05009925CB /* Sources */ = {
			isa = PBXSourcesBuildPhase;
			buildActionMask = 2147483647;
			files = (
				9CC716BB20707D05009925CB /* API_SampleUITests.swift in Sources */,
			);
			runOnlyForDeploymentPostprocessing = 0;
		};
/* End PBXSourcesBuildPhase section */

/* Begin PBXTargetDependency section */
		9CC716AD20707D05009925CB /* PBXTargetDependency */ = {
			isa = PBXTargetDependency;
			target = 9CC7169620707D05009925CB /* API Sample */;
			targetProxy = 9CC716AC20707D05009925CB /* PBXContainerItemProxy */;
		};
		9CC716B820707D05009925CB /* PBXTargetDependency */ = {
			isa = PBXTargetDependency;
			target = 9CC7169620707D05009925CB /* API Sample */;
			targetProxy = 9CC716B720707D05009925CB /* PBXContainerItemProxy */;
		};
/* End PBXTargetDependency section */

/* Begin PBXVariantGroup section */
		9CC7169E20707D05009925CB /* Main.storyboard */ = {
			isa = PBXVariantGroup;
			children = (
				9CC7169F20707D05009925CB /* Base */,
			);
			name = Main.storyboard;
			sourceTree = "<group>";
		};
		9CC716A320707D05009925CB /* LaunchScreen.storyboard */ = {
			isa = PBXVariantGroup;
			children = (
				9CC716A420707D05009925CB /* Base */,
			);
			name = LaunchScreen.storyboard;
			sourceTree = "<group>";
		};
/* End PBXVariantGroup section */

/* Begin XCBuildConfiguration section */
		9CC716BD20707D05009925CB /* Debug */ = {
			isa = XCBuildConfiguration;
			buildSettings = {
				ALWAYS_SEARCH_USER_PATHS = NO;
				CLANG_ANALYZER_NONNULL = YES;
				CLANG_ANALYZER_NUMBER_OBJECT_CONVERSION = YES_AGGRESSIVE;
				CLANG_CXX_LANGUAGE_STANDARD = "gnu++14";
				CLANG_CXX_LIBRARY = "libc++";
				CLANG_ENABLE_MODULES = YES;
				CLANG_ENABLE_OBJC_ARC = YES;
				CLANG_WARN_BLOCK_CAPTURE_AUTORELEASING = YES;
				CLANG_WARN_BOOL_CONVERSION = YES;
				CLANG_WARN_COMMA = YES;
				CLANG_WARN_CONSTANT_CONVERSION = YES;
				CLANG_WARN_DIRECT_OBJC_ISA_USAGE = YES_ERROR;
				CLANG_WARN_DOCUMENTATION_COMMENTS = YES;
				CLANG_WARN_EMPTY_BODY = YES;
				CLANG_WARN_ENUM_CONVERSION = YES;
				CLANG_WARN_INFINITE_RECURSION = YES;
				CLANG_WARN_INT_CONVERSION = YES;
				CLANG_WARN_NON_LITERAL_NULL_CONVERSION = YES;
				CLANG_WARN_OBJC_LITERAL_CONVERSION = YES;
				CLANG_WARN_OBJC_ROOT_CLASS = YES_ERROR;
				CLANG_WARN_RANGE_LOOP_ANALYSIS = YES;
				CLANG_WARN_STRICT_PROTOTYPES = YES;
				CLANG_WARN_SUSPICIOUS_MOVE = YES;
				CLANG_WARN_UNGUARDED_AVAILABILITY = YES_AGGRESSIVE;
				CLANG_WARN_UNREACHABLE_CODE = YES;
				CLANG_WARN__DUPLICATE_METHOD_MATCH = YES;
				CODE_SIGN_IDENTITY = "iPhone Developer";
				COPY_PHASE_STRIP = NO;
				DEBUG_INFORMATION_FORMAT = dwarf;
				ENABLE_STRICT_OBJC_MSGSEND = YES;
				ENABLE_TESTABILITY = YES;
				GCC_C_LANGUAGE_STANDARD = gnu11;
				GCC_DYNAMIC_NO_PIC = NO;
				GCC_NO_COMMON_BLOCKS = YES;
				GCC_OPTIMIZATION_LEVEL = 0;
				GCC_PREPROCESSOR_DEFINITIONS = (
					"DEBUG=1",
					"$(inherited)",
				);
				GCC_WARN_64_TO_32_BIT_CONVERSION = YES;
				GCC_WARN_ABOUT_RETURN_TYPE = YES_ERROR;
				GCC_WARN_UNDECLARED_SELECTOR = YES;
				GCC_WARN_UNINITIALIZED_AUTOS = YES_AGGRESSIVE;
				GCC_WARN_UNUSED_FUNCTION = YES;
				GCC_WARN_UNUSED_VARIABLE = YES;
				IPHONEOS_DEPLOYMENT_TARGET = 11.2;
				MTL_ENABLE_DEBUG_INFO = YES;
				ONLY_ACTIVE_ARCH = YES;
				SDKROOT = iphoneos;
				SWIFT_ACTIVE_COMPILATION_CONDITIONS = DEBUG;
				SWIFT_OPTIMIZATION_LEVEL = "-Onone";
			};
			name = Debug;
		};
		9CC716BE20707D05009925CB /* Release */ = {
			isa = XCBuildConfiguration;
			buildSettings = {
				ALWAYS_SEARCH_USER_PATHS = NO;
				CLANG_ANALYZER_NONNULL = YES;
				CLANG_ANALYZER_NUMBER_OBJECT_CONVERSION = YES_AGGRESSIVE;
				CLANG_CXX_LANGUAGE_STANDARD = "gnu++14";
				CLANG_CXX_LIBRARY = "libc++";
				CLANG_ENABLE_MODULES = YES;
				CLANG_ENABLE_OBJC_ARC = YES;
				CLANG_WARN_BLOCK_CAPTURE_AUTORELEASING = YES;
				CLANG_WARN_BOOL_CONVERSION = YES;
				CLANG_WARN_COMMA = YES;
				CLANG_WARN_CONSTANT_CONVERSION = YES;
				CLANG_WARN_DIRECT_OBJC_ISA_USAGE = YES_ERROR;
				CLANG_WARN_DOCUMENTATION_COMMENTS = YES;
				CLANG_WARN_EMPTY_BODY = YES;
				CLANG_WARN_ENUM_CONVERSION = YES;
				CLANG_WARN_INFINITE_RECURSION = YES;
				CLANG_WARN_INT_CONVERSION = YES;
				CLANG_WARN_NON_LITERAL_NULL_CONVERSION = YES;
				CLANG_WARN_OBJC_LITERAL_CONVERSION = YES;
				CLANG_WARN_OBJC_ROOT_CLASS = YES_ERROR;
				CLANG_WARN_RANGE_LOOP_ANALYSIS = YES;
				CLANG_WARN_STRICT_PROTOTYPES = YES;
				CLANG_WARN_SUSPICIOUS_MOVE = YES;
				CLANG_WARN_UNGUARDED_AVAILABILITY = YES_AGGRESSIVE;
				CLANG_WARN_UNREACHABLE_CODE = YES;
				CLANG_WARN__DUPLICATE_METHOD_MATCH = YES;
				CODE_SIGN_IDENTITY = "iPhone Developer";
				COPY_PHASE_STRIP = NO;
				DEBUG_INFORMATION_FORMAT = "dwarf-with-dsym";
				ENABLE_NS_ASSERTIONS = NO;
				ENABLE_STRICT_OBJC_MSGSEND = YES;
				GCC_C_LANGUAGE_STANDARD = gnu11;
				GCC_NO_COMMON_BLOCKS = YES;
				GCC_WARN_64_TO_32_BIT_CONVERSION = YES;
				GCC_WARN_ABOUT_RETURN_TYPE = YES_ERROR;
				GCC_WARN_UNDECLARED_SELECTOR = YES;
				GCC_WARN_UNINITIALIZED_AUTOS = YES_AGGRESSIVE;
				GCC_WARN_UNUSED_FUNCTION = YES;
				GCC_WARN_UNUSED_VARIABLE = YES;
				IPHONEOS_DEPLOYMENT_TARGET = 11.2;
				MTL_ENABLE_DEBUG_INFO = NO;
				SDKROOT = iphoneos;
				SWIFT_OPTIMIZATION_LEVEL = "-Owholemodule";
				VALIDATE_PRODUCT = YES;
			};
			name = Release;
		};
		9CC716C020707D05009925CB /* Debug */ = {
			isa = XCBuildConfiguration;
			baseConfigurationReference = 5A15057CB8A71579ACD6DFA4 /* Pods-API Sample.debug.xcconfig */;
			buildSettings = {
				ASSETCATALOG_COMPILER_APPICON_NAME = AppIcon;
				CODE_SIGN_STYLE = Automatic;
				INFOPLIST_FILE = "API Sample/Info.plist";
				LD_RUNPATH_SEARCH_PATHS = "$(inherited) @executable_path/Frameworks";
				PRODUCT_BUNDLE_IDENTIFIER = "com.learnly.API-Sample";
				PRODUCT_NAME = "$(TARGET_NAME)";
				SWIFT_VERSION = 4.0;
				TARGETED_DEVICE_FAMILY = "1,2";
			};
			name = Debug;
		};
		9CC716C120707D05009925CB /* Release */ = {
			isa = XCBuildConfiguration;
			baseConfigurationReference = 9DA515E9D748B225E767F50F /* Pods-API Sample.release.xcconfig */;
			buildSettings = {
				ASSETCATALOG_COMPILER_APPICON_NAME = AppIcon;
				CODE_SIGN_STYLE = Automatic;
				INFOPLIST_FILE = "API Sample/Info.plist";
				LD_RUNPATH_SEARCH_PATHS = "$(inherited) @executable_path/Frameworks";
				PRODUCT_BUNDLE_IDENTIFIER = "com.learnly.API-Sample";
				PRODUCT_NAME = "$(TARGET_NAME)";
				SWIFT_VERSION = 4.0;
				TARGETED_DEVICE_FAMILY = "1,2";
			};
			name = Release;
		};
		9CC716C320707D05009925CB /* Debug */ = {
			isa = XCBuildConfiguration;
			buildSettings = {
				ALWAYS_EMBED_SWIFT_STANDARD_LIBRARIES = YES;
				BUNDLE_LOADER = "$(TEST_HOST)";
				CODE_SIGN_STYLE = Automatic;
				INFOPLIST_FILE = "API SampleTests/Info.plist";
				LD_RUNPATH_SEARCH_PATHS = "$(inherited) @executable_path/Frameworks @loader_path/Frameworks";
				PRODUCT_BUNDLE_IDENTIFIER = "com.learnly.API-SampleTests";
				PRODUCT_NAME = "$(TARGET_NAME)";
				SWIFT_VERSION = 4.0;
				TARGETED_DEVICE_FAMILY = "1,2";
				TEST_HOST = "$(BUILT_PRODUCTS_DIR)/API Sample.app/API Sample";
			};
			name = Debug;
		};
		9CC716C420707D05009925CB /* Release */ = {
			isa = XCBuildConfiguration;
			buildSettings = {
				ALWAYS_EMBED_SWIFT_STANDARD_LIBRARIES = YES;
				BUNDLE_LOADER = "$(TEST_HOST)";
				CODE_SIGN_STYLE = Automatic;
				INFOPLIST_FILE = "API SampleTests/Info.plist";
				LD_RUNPATH_SEARCH_PATHS = "$(inherited) @executable_path/Frameworks @loader_path/Frameworks";
				PRODUCT_BUNDLE_IDENTIFIER = "com.learnly.API-SampleTests";
				PRODUCT_NAME = "$(TARGET_NAME)";
				SWIFT_VERSION = 4.0;
				TARGETED_DEVICE_FAMILY = "1,2";
				TEST_HOST = "$(BUILT_PRODUCTS_DIR)/API Sample.app/API Sample";
			};
			name = Release;
		};
		9CC716C620707D05009925CB /* Debug */ = {
			isa = XCBuildConfiguration;
			buildSettings = {
				ALWAYS_EMBED_SWIFT_STANDARD_LIBRARIES = YES;
				CODE_SIGN_STYLE = Automatic;
				INFOPLIST_FILE = "API SampleUITests/Info.plist";
				LD_RUNPATH_SEARCH_PATHS = "$(inherited) @executable_path/Frameworks @loader_path/Frameworks";
				PRODUCT_BUNDLE_IDENTIFIER = "com.learnly.API-SampleUITests";
				PRODUCT_NAME = "$(TARGET_NAME)";
				SWIFT_VERSION = 4.0;
				TARGETED_DEVICE_FAMILY = "1,2";
				TEST_TARGET_NAME = "API Sample";
			};
			name = Debug;
		};
		9CC716C720707D05009925CB /* Release */ = {
			isa = XCBuildConfiguration;
			buildSettings = {
				ALWAYS_EMBED_SWIFT_STANDARD_LIBRARIES = YES;
				CODE_SIGN_STYLE = Automatic;
				INFOPLIST_FILE = "API SampleUITests/Info.plist";
				LD_RUNPATH_SEARCH_PATHS = "$(inherited) @executable_path/Frameworks @loader_path/Frameworks";
				PRODUCT_BUNDLE_IDENTIFIER = "com.learnly.API-SampleUITests";
				PRODUCT_NAME = "$(TARGET_NAME)";
				SWIFT_VERSION = 4.0;
				TARGETED_DEVICE_FAMILY = "1,2";
				TEST_TARGET_NAME = "API Sample";
			};
			name = Release;
		};
/* End XCBuildConfiguration section */

/* Begin XCConfigurationList section */
		9CC7169220707D05009925CB /* Build configuration list for PBXProject "API Sample" */ = {
			isa = XCConfigurationList;
			buildConfigurations = (
				9CC716BD20707D05009925CB /* Debug */,
				9CC716BE20707D05009925CB /* Release */,
			);
			defaultConfigurationIsVisible = 0;
			defaultConfigurationName = Release;
		};
		9CC716BF20707D05009925CB /* Build configuration list for PBXNativeTarget "API Sample" */ = {
			isa = XCConfigurationList;
			buildConfigurations = (
				9CC716C020707D05009925CB /* Debug */,
				9CC716C120707D05009925CB /* Release */,
			);
			defaultConfigurationIsVisible = 0;
			defaultConfigurationName = Release;
		};
		9CC716C220707D05009925CB /* Build configuration list for PBXNativeTarget "API SampleTests" */ = {
			isa = XCConfigurationList;
			buildConfigurations = (
				9CC716C320707D05009925CB /* Debug */,
				9CC716C420707D05009925CB /* Release */,
			);
			defaultConfigurationIsVisible = 0;
			defaultConfigurationName = Release;
		};
		9CC716C520707D05009925CB /* Build configuration list for PBXNativeTarget "API SampleUITests" */ = {
			isa = XCConfigurationList;
			buildConfigurations = (
				9CC716C620707D05009925CB /* Debug */,
				9CC716C720707D05009925CB /* Release */,
			);
			defaultConfigurationIsVisible = 0;
			defaultConfigurationName = Release;
		};
/* End XCConfigurationList section */
	};
	rootObject = 9CC7168F20707D05009925CB /* Project object */;
}
